dependencies:
  cheerio: 1.0.0-rc.5
  node-fetch: 2.6.1
devDependencies:
  '@types/node': 14.14.25
  '@types/node-fetch': 2.5.8
  tsc-watch: 4.2.9_typescript@4.1.4
  typescript: 4.1.4
lockfileVersion: 5.2
packages:
  /@types/node-fetch/2.5.8:
    dependencies:
      '@types/node': 14.14.25
      form-data: 3.0.0
    dev: true
    resolution:
      integrity: sha512-fbjI6ja0N5ZA8TV53RUqzsKNkl9fv8Oj3T7zxW7FGv1GSH7gwJaNF8dzCjrqKaxKeUpTz4yT1DaJFq/omNpGfw==
  /@types/node/14.14.25:
    dev: true
    resolution:
      integrity: sha512-EPpXLOVqDvisVxtlbvzfyqSsFeQxltFbluZNRndIb8tr9KiBnYNLzrc1N3pyKUCww2RNrfHDViqDWWE1LCJQtQ==
  /ansi-regex/5.0.0:
    dev: true
    engines:
      node: '>=8'
    resolution:
      integrity: sha512-bY6fj56OUQ0hU1KjFNDQuJFezqKdrAyFdIevADiqrWHwSlbmBNMHp5ak2f40Pm8JTFyM2mqxkG6ngkHO11f/lg==
  /asynckit/0.4.0:
    dev: true
    resolution:
      integrity: sha1-x57Zf380y48robyXkLzDZkdLS3k=
  /boolbase/1.0.0:
    dev: false
    resolution:
      integrity: sha1-aN/1++YMUes3cl6p4+0xDcwed24=
  /cheerio-select-tmp/0.1.1:
    dependencies:
      css-select: 3.1.2
      css-what: 4.0.0
      domelementtype: 2.1.0
      domhandler: 4.0.0
      domutils: 2.4.4
    deprecated: Use cheerio-select instead
    dev: false
    resolution:
      integrity: sha512-YYs5JvbpU19VYJyj+F7oYrIE2BOll1/hRU7rEy/5+v9BzkSo3bK81iAeeQEMI92vRIxz677m72UmJUiVwwgjfQ==
  /cheerio/1.0.0-rc.5:
    dependencies:
      cheerio-select-tmp: 0.1.1
      dom-serializer: 1.2.0
      domhandler: 4.0.0
      entities: 2.1.0
      htmlparser2: 6.0.0
      parse5: 6.0.1
      parse5-htmlparser2-tree-adapter: 6.0.1
    dev: false
    engines:
      node: '>= 0.12'
    resolution:
      integrity: sha512-yoqps/VCaZgN4pfXtenwHROTp8NG6/Hlt4Jpz2FEP0ZJQ+ZUkVDd0hAPDNKhj3nakpfPt/CNs57yEtxD1bXQiw==
  /combined-stream/1.0.8:
    dependencies:
      delayed-stream: 1.0.0
    dev: true
    engines:
      node: '>= 0.8'
    resolution:
      integrity: sha512-FQN4MRfuJeHf7cBbBMJFXhKSDq+2kAArBlmRBvcvFE5BB1HZKXtSFASDhdlz9zOYwxh8lDdnvmMOe/+5cdoEdg==
  /cross-spawn/7.0.3:
    dependencies:
      path-key: 3.1.1
      shebang-command: 2.0.0
      which: 2.0.2
    dev: true
    engines:
      node: '>= 8'
    resolution:
      integrity: sha512-iRDPJKUPVEND7dHPO8rkbOnPpyDygcDFtWjpeWNCgy8WP2rXcxXL8TskReQl6OrB2G7+UJrags1q15Fudc7G6w==
  /css-select/3.1.2:
    dependencies:
      boolbase: 1.0.0
      css-what: 4.0.0
      domhandler: 4.0.0
      domutils: 2.4.4
      nth-check: 2.0.0
    dev: false
    resolution:
      integrity: sha512-qmss1EihSuBNWNNhHjxzxSfJoFBM/lERB/Q4EnsJQQC62R2evJDW481091oAdOr9uh46/0n4nrg0It5cAnj1RA==
  /css-what/4.0.0:
    dev: false
    engines:
      node: '>= 6'
    resolution:
      integrity: sha512-teijzG7kwYfNVsUh2H/YN62xW3KK9YhXEgSlbxMlcyjPNvdKJqFx5lrwlJgoFP1ZHlB89iGDlo/JyshKeRhv5A==
  /delayed-stream/1.0.0:
    dev: true
    engines:
      node: '>=0.4.0'
    resolution:
      integrity: sha1-3zrhmayt+31ECqrgsp4icrJOxhk=
  /dom-serializer/1.2.0:
    dependencies:
      domelementtype: 2.1.0
      domhandler: 4.0.0
      entities: 2.1.0
    dev: false
    resolution:
      integrity: sha512-n6kZFH/KlCrqs/1GHMOd5i2fd/beQHuehKdWvNNffbGHTr/almdhuVvTVFb3V7fglz+nC50fFusu3lY33h12pA==
  /domelementtype/2.1.0:
    dev: false
    resolution:
      integrity: sha512-LsTgx/L5VpD+Q8lmsXSHW2WpA+eBlZ9HPf3erD1IoPF00/3JKHZ3BknUVA2QGDNu69ZNmyFmCWBSO45XjYKC5w==
  /domhandler/4.0.0:
    dependencies:
      domelementtype: 2.1.0
    dev: false
    engines:
      node: '>= 4'
    resolution:
      integrity: sha512-KPTbnGQ1JeEMQyO1iYXoagsI6so/C96HZiFyByU3T6iAzpXn8EGEvct6unm1ZGoed8ByO2oirxgwxBmqKF9haA==
  /domutils/2.4.4:
    dependencies:
      dom-serializer: 1.2.0
      domelementtype: 2.1.0
      domhandler: 4.0.0
    dev: false
    resolution:
      integrity: sha512-jBC0vOsECI4OMdD0GC9mGn7NXPLb+Qt6KW1YDQzeQYRUFKmNG8lh7mO5HiELfr+lLQE7loDVI4QcAxV80HS+RA==
  /duplexer/0.1.2:
    dev: true
    resolution:
      integrity: sha512-jtD6YG370ZCIi/9GTaJKQxWTZD045+4R4hTk/x1UyoqadyJ9x9CgSi1RlVDQF8U2sxLLSnFkCaMihqljHIWgMg==
  /entities/2.1.0:
    dev: false
    resolution:
      integrity: sha512-hCx1oky9PFrJ611mf0ifBLBRW8lUUVRlFolb5gWRfIELabBlbp9xZvrqZLZAs+NxFnbfQoeGd8wDkygjg7U85w==
  /event-stream/3.3.4:
    dependencies:
      duplexer: 0.1.2
      from: 0.1.7
      map-stream: 0.1.0
      pause-stream: 0.0.11
      split: 0.3.3
      stream-combiner: 0.0.4
      through: 2.3.8
    dev: true
    resolution:
      integrity: sha1-SrTJoPWlTbkzi0w02Gv86PSzVXE=
  /form-data/3.0.0:
    dependencies:
      asynckit: 0.4.0
      combined-stream: 1.0.8
      mime-types: 2.1.28
    dev: true
    engines:
      node: '>= 6'
    resolution:
      integrity: sha512-CKMFDglpbMi6PyN+brwB9Q/GOw0eAnsrEZDgcsH5Krhz5Od/haKHAX0NmQfha2zPPz0JpWzA7GJHGSnvCRLWsg==
  /from/0.1.7:
    dev: true
    resolution:
      integrity: sha1-g8YK/Fi5xWmXAH7Rp2izqzA6RP4=
  /htmlparser2/6.0.0:
    dependencies:
      domelementtype: 2.1.0
      domhandler: 4.0.0
      domutils: 2.4.4
      entities: 2.1.0
    dev: false
    resolution:
      integrity: sha512-numTQtDZMoh78zJpaNdJ9MXb2cv5G3jwUoe3dMQODubZvLoGvTE/Ofp6sHvH8OGKcN/8A47pGLi/k58xHP/Tfw==
  /isexe/2.0.0:
    dev: true
    resolution:
      integrity: sha1-6PvzdNxVb/iUehDcsFctYz8s+hA=
  /map-stream/0.1.0:
    dev: true
    resolution:
      integrity: sha1-5WqpTEyAVaFkBKBnS3jyFffI4ZQ=
  /mime-db/1.45.0:
    dev: true
    engines:
      node: '>= 0.6'
    resolution:
      integrity: sha512-CkqLUxUk15hofLoLyljJSrukZi8mAtgd+yE5uO4tqRZsdsAJKv0O+rFMhVDRJgozy+yG6md5KwuXhD4ocIoP+w==
  /mime-types/2.1.28:
    dependencies:
      mime-db: 1.45.0
    dev: true
    engines:
      node: '>= 0.6'
    resolution:
      integrity: sha512-0TO2yJ5YHYr7M2zzT7gDU1tbwHxEUWBCLt0lscSNpcdAfFyJOVEpRYNS7EXVcTLNj/25QO8gulHC5JtTzSE2UQ==
  /node-cleanup/2.1.2:
    dev: true
    resolution:
      integrity: sha1-esGavSl+Caf3KnFUXZUbUX5N3iw=
  /node-fetch/2.6.1:
    dev: false
    engines:
      node: 4.x || >=6.0.0
    resolution:
      integrity: sha512-V4aYg89jEoVRxRb2fJdAg8FHvI7cEyYdVAh94HH0UIK8oJxUfkjlDQN9RbMx+bEjP7+ggMiFRprSti032Oipxw==
  /nth-check/2.0.0:
    dependencies:
      boolbase: 1.0.0
    dev: false
    resolution:
      integrity: sha512-i4sc/Kj8htBrAiH1viZ0TgU8Y5XqCaV/FziYK6TBczxmeKm3AEFWqqF3195yKudrarqy7Zu80Ra5dobFjn9X/Q==
  /parse5-htmlparser2-tree-adapter/6.0.1:
    dependencies:
      parse5: 6.0.1
    dev: false
    resolution:
      integrity: sha512-qPuWvbLgvDGilKc5BoicRovlT4MtYT6JfJyBOMDsKoiT+GiuP5qyrPCnR9HcPECIJJmZh5jRndyNThnhhb/vlA==
  /parse5/6.0.1:
    dev: false
    resolution:
      integrity: sha512-Ofn/CTFzRGTTxwpNEs9PP93gXShHcTq255nzRYSKe8AkVpZY7e1fpmTfOyoIvjP5HG7Z2ZM7VS9PPhQGW2pOpw==
  /path-key/3.1.1:
    dev: true
    engines:
      node: '>=8'
    resolution:
      integrity: sha512-ojmeN0qd+y0jszEtoY48r0Peq5dwMEkIlCOu6Q5f41lfkswXuKtYrhgoTpLnyIcHm24Uhqx+5Tqm2InSwLhE6Q==
  /pause-stream/0.0.11:
    dependencies:
      through: 2.3.8
    dev: true
    resolution:
      integrity: sha1-/lo0sMvOErWqaitAPuLnO2AvFEU=
  /ps-tree/1.2.0:
    dependencies:
      event-stream: 3.3.4
    dev: true
    engines:
      node: '>= 0.10'
    hasBin: true
    resolution:
      integrity: sha512-0VnamPPYHl4uaU/nSFeZZpR21QAWRz+sRv4iW9+v/GS/J5U5iZB5BNN6J0RMoOvdx2gWM2+ZFMIm58q24e4UYA==
  /shebang-command/2.0.0:
    dependencies:
      shebang-regex: 3.0.0
    dev: true
    engines:
      node: '>=8'
    resolution:
      integrity: sha512-kHxr2zZpYtdmrN1qDjrrX/Z1rR1kG8Dx+gkpK1G4eXmvXswmcE1hTWBWYUzlraYw1/yZp6YuDY77YtvbN0dmDA==
  /shebang-regex/3.0.0:
    dev: true
    engines:
      node: '>=8'
    resolution:
      integrity: sha512-7++dFhtcx3353uBaq8DDR4NuxBetBzC7ZQOhmTQInHEd6bSrXdiEyzCvG07Z44UYdLShWUyXt5M/yhz8ekcb1A==
  /split/0.3.3:
    dependencies:
      through: 2.3.8
    dev: true
    resolution:
      integrity: sha1-zQ7qXmOiEd//frDwkcQTPi0N0o8=
  /stream-combiner/0.0.4:
    dependencies:
      duplexer: 0.1.2
    dev: true
    resolution:
      integrity: sha1-TV5DPBhSYd3mI8o/RMWGvPXErRQ=
  /string-argv/0.1.2:
    dev: true
    engines:
      node: '>=0.6.19'
    resolution:
      integrity: sha512-mBqPGEOMNJKXRo7z0keX0wlAhbBAjilUdPW13nN0PecVryZxdHIeM7TqbsSUA7VYuS00HGC6mojP7DlQzfa9ZA==
  /strip-ansi/6.0.0:
    dependencies:
      ansi-regex: 5.0.0
    dev: true
    engines:
      node: '>=8'
    resolution:
      integrity: sha512-AuvKTrTfQNYNIctbR1K/YGTR1756GycPsg7b9bdV9Duqur4gv6aKqHXah67Z8ImS7WEz5QVcOtlfW2rZEugt6w==
  /through/2.3.8:
    dev: true
    resolution:
      integrity: sha1-DdTJ/6q8NXlgsbckEV1+Doai4fU=
  /tsc-watch/4.2.9_typescript@4.1.4:
    dependencies:
      cross-spawn: 7.0.3
      node-cleanup: 2.1.2
      ps-tree: 1.2.0
      string-argv: 0.1.2
      strip-ansi: 6.0.0
      typescript: 4.1.4
    dev: true
    engines:
      node: '>=8.17.0'
    hasBin: true
    peerDependencies:
      typescript: '*'
    resolution:
      integrity: sha512-DlTaoDs74+KUpyWr7dCGhuscAUKCz6CiFduBN7R9RbLJSSN1moWdwoCLASE7+zLgGvV5AwXfYDiEMAsPGaO+Vw==
  /typescript/4.1.4:
    dev: true
    engines:
      node: '>=4.2.0'
    hasBin: true
    resolution:
      integrity: sha512-+Uru0t8qIRgjuCpiSPpfGuhHecMllk5Zsazj5LZvVsEStEjmIRRBZe+jHjGQvsgS7M1wONy2PQXd67EMyV6acg==
  /which/2.0.2:
    dependencies:
      isexe: 2.0.0
    dev: true
    engines:
      node: '>= 8'
    hasBin: true
    resolution:
      integrity: sha512-BLI3Tl1TW3Pvl70l3yq3Y64i+awpwXqsGBYWkkqMtnbXgrMD+yj7rhW0kuEDxzJaYXGjEW5ogapKNMEKNMjibA==
specifiers:
  '@types/node': ^14.14.25
  '@types/node-fetch': ^2.5.8
  cheerio: ^1.0.0-rc.5
  node-fetch: ^2.6.1
  tsc-watch: ^4.2.9
  typescript: ^4.1.4
